// !$*UTF8*$!
{
	archiveVersion = 1;
	classes = {
	};
	objectVersion = 50;
	objects = {

/* Begin PBXBuildFile section */
		321C9169B427519A2A2774A1 /* CharacterSelectViewModel.swift in Sources */ = {isa = PBXBuildFile; fileRef = 321C9F38AEA76D98BB521164 /* CharacterSelectViewModel.swift */; };
		321C94C6DF0D1E411F9AAA50 /* CharacterDetailView.swift in Sources */ = {isa = PBXBuildFile; fileRef = 321C9A57AE38CC2A0900A07B /* CharacterDetailView.swift */; };
		321C97C3E5D643538706482E /* EquipmentView.swift in Sources */ = {isa = PBXBuildFile; fileRef = 321C91CDC271D0B865FDC206 /* EquipmentView.swift */; };
		321C98BCAC7EF31F843F0F64 /* JsonCodableStruct.swift in Sources */ = {isa = PBXBuildFile; fileRef = 321C97C6F64B370AD3ACC748 /* JsonCodableStruct.swift */; };
		321C994ED935E9A48982FF68 /* CharacterDetailViewModel.swift in Sources */ = {isa = PBXBuildFile; fileRef = 321C91AE4A6594CD1645A20C /* CharacterDetailViewModel.swift */; };
		321C9C37341A737BBC4AD4AF /* CharactersSelectView.swift in Sources */ = {isa = PBXBuildFile; fileRef = 321C977A3326BC83FA4FFD1B /* CharactersSelectView.swift */; };
		321C9D12BF79B2E6E37381C6 /* ArrayExtension.swift in Sources */ = {isa = PBXBuildFile; fileRef = 321C9CBFDDC18D4887686CAE /* ArrayExtension.swift */; };
		9809CE3F2366C7CA00950DF3 /* SettingsView.swift in Sources */ = {isa = PBXBuildFile; fileRef = 9809CE3E2366C7CA00950DF3 /* SettingsView.swift */; };
		9809CE412366C7DA00950DF3 /* SettingsViewModel.swift in Sources */ = {isa = PBXBuildFile; fileRef = 9809CE402366C7DA00950DF3 /* SettingsViewModel.swift */; };
		9885E468235D96BD00241F9C /* APIHandler.swift in Sources */ = {isa = PBXBuildFile; fileRef = 9885E467235D96BD00241F9C /* APIHandler.swift */; };
		9887FC5023535DB6005D7AD1 /* AppDelegate.swift in Sources */ = {isa = PBXBuildFile; fileRef = 9887FC4F23535DB6005D7AD1 /* AppDelegate.swift */; };
		9887FC5223535DB6005D7AD1 /* SceneDelegate.swift in Sources */ = {isa = PBXBuildFile; fileRef = 9887FC5123535DB6005D7AD1 /* SceneDelegate.swift */; };
		9887FC5523535DB6005D7AD1 /* PoeTool.xcdatamodeld in Sources */ = {isa = PBXBuildFile; fileRef = 9887FC5323535DB6005D7AD1 /* PoeTool.xcdatamodeld */; };
		9887FC5723535DB6005D7AD1 /* LogInView.swift in Sources */ = {isa = PBXBuildFile; fileRef = 9887FC5623535DB6005D7AD1 /* LogInView.swift */; };
		9887FC5923535DB8005D7AD1 /* Assets.xcassets in Resources */ = {isa = PBXBuildFile; fileRef = 9887FC5823535DB8005D7AD1 /* Assets.xcassets */; };
		9887FC5C23535DB8005D7AD1 /* Preview Assets.xcassets in Resources */ = {isa = PBXBuildFile; fileRef = 9887FC5B23535DB8005D7AD1 /* Preview Assets.xcassets */; };
		9887FC5F23535DB8005D7AD1 /* LaunchScreen.storyboard in Resources */ = {isa = PBXBuildFile; fileRef = 9887FC5D23535DB8005D7AD1 /* LaunchScreen.storyboard */; };
		9887FC6A23535DB8005D7AD1 /* PoeToolTests.swift in Sources */ = {isa = PBXBuildFile; fileRef = 9887FC6923535DB8005D7AD1 /* PoeToolTests.swift */; };
		9887FC7523535DB8005D7AD1 /* PoeToolUITests.swift in Sources */ = {isa = PBXBuildFile; fileRef = 9887FC7423535DB8005D7AD1 /* PoeToolUITests.swift */; };
		9894159923681B1200E6BF85 /* URLImageService.swift in Sources */ = {isa = PBXBuildFile; fileRef = 9894156923681B1200E6BF85 /* URLImageService.swift */; };
		9894159A23681B1200E6BF85 /* FileIndex.swift in Sources */ = {isa = PBXBuildFile; fileRef = 9894156B23681B1200E6BF85 /* FileIndex.swift */; };
		9894159B23681B1200E6BF85 /* RemoteFileCacheService.swift in Sources */ = {isa = PBXBuildFile; fileRef = 9894156C23681B1200E6BF85 /* RemoteFileCacheService.swift */; };
		9894159C23681B1200E6BF85 /* CGContext+Extensions.swift in Sources */ = {isa = PBXBuildFile; fileRef = 9894156F23681B1200E6BF85 /* CGContext+Extensions.swift */; };
		9894159D23681B1200E6BF85 /* CGImage+Extensions.swift in Sources */ = {isa = PBXBuildFile; fileRef = 9894157023681B1200E6BF85 /* CGImage+Extensions.swift */; };
		9894159E23681B1200E6BF85 /* CacheHelper.swift in Sources */ = {isa = PBXBuildFile; fileRef = 9894157123681B1200E6BF85 /* CacheHelper.swift */; };
		9894159F23681B1200E6BF85 /* Version.swift in Sources */ = {isa = PBXBuildFile; fileRef = 9894157223681B1200E6BF85 /* Version.swift */; };
		989415A023681B1200E6BF85 /* CoreDataModelDescription.swift in Sources */ = {isa = PBXBuildFile; fileRef = 9894157423681B1200E6BF85 /* CoreDataModelDescription.swift */; };
		989415A123681B1200E6BF85 /* CoreDataEntityDescription.swift in Sources */ = {isa = PBXBuildFile; fileRef = 9894157523681B1200E6BF85 /* CoreDataEntityDescription.swift */; };
		989415A223681B1200E6BF85 /* CoreDataFetchIndexDescription.swift in Sources */ = {isa = PBXBuildFile; fileRef = 9894157623681B1200E6BF85 /* CoreDataFetchIndexDescription.swift */; };
		989415A323681B1200E6BF85 /* CoreDataAttributeDescription.swift in Sources */ = {isa = PBXBuildFile; fileRef = 9894157723681B1200E6BF85 /* CoreDataAttributeDescription.swift */; };
		989415A423681B1200E6BF85 /* DefaultPlaceholder.swift in Sources */ = {isa = PBXBuildFile; fileRef = 9894157823681B1200E6BF85 /* DefaultPlaceholder.swift */; };
		989415A523681B1200E6BF85 /* FileManager+Extensions.swift in Sources */ = {isa = PBXBuildFile; fileRef = 9894157923681B1200E6BF85 /* FileManager+Extensions.swift */; };
		989415A623681B1200E6BF85 /* ImageIOUtils.swift in Sources */ = {isa = PBXBuildFile; fileRef = 9894157B23681B1200E6BF85 /* ImageIOUtils.swift */; };
		989415A723681B1200E6BF85 /* ImageProcessing.swift in Sources */ = {isa = PBXBuildFile; fileRef = 9894157D23681B1200E6BF85 /* ImageProcessing.swift */; };
		989415A823681B1200E6BF85 /* CoreImageFilterProcessor.swift in Sources */ = {isa = PBXBuildFile; fileRef = 9894157F23681B1200E6BF85 /* CoreImageFilterProcessor.swift */; };
		989415A923681B1200E6BF85 /* ImageProcessorClosure.swift in Sources */ = {isa = PBXBuildFile; fileRef = 9894158023681B1200E6BF85 /* ImageProcessorClosure.swift */; };
		989415AA23681B1200E6BF85 /* Resize.swift in Sources */ = {isa = PBXBuildFile; fileRef = 9894158123681B1200E6BF85 /* Resize.swift */; };
		989415AB23681B1200E6BF85 /* ImageProcessorGroup.swift in Sources */ = {isa = PBXBuildFile; fileRef = 9894158223681B1200E6BF85 /* ImageProcessorGroup.swift */; };
		989415AC23681B1200E6BF85 /* ImageProcessingService.swift in Sources */ = {isa = PBXBuildFile; fileRef = 9894158323681B1200E6BF85 /* ImageProcessingService.swift */; };
		989415AD23681B1200E6BF85 /* ImageLoadHandler.swift in Sources */ = {isa = PBXBuildFile; fileRef = 9894158523681B1200E6BF85 /* ImageLoadHandler.swift */; };
		989415AE23681B1200E6BF85 /* ImageLoaderService.swift in Sources */ = {isa = PBXBuildFile; fileRef = 9894158623681B1200E6BF85 /* ImageLoaderService.swift */; };
		989415AF23681B1200E6BF85 /* Downloader.swift in Sources */ = {isa = PBXBuildFile; fileRef = 9894158723681B1200E6BF85 /* Downloader.swift */; };
		989415B023681B1200E6BF85 /* LoadingState.swift in Sources */ = {isa = PBXBuildFile; fileRef = 9894158823681B1200E6BF85 /* LoadingState.swift */; };
		989415B123681B1200E6BF85 /* ImageLoaderCallbacks.swift in Sources */ = {isa = PBXBuildFile; fileRef = 9894158923681B1200E6BF85 /* ImageLoaderCallbacks.swift */; };
		989415B223681B1200E6BF85 /* URLSessionDownloadDelegateWrapper.swift in Sources */ = {isa = PBXBuildFile; fileRef = 9894158A23681B1200E6BF85 /* URLSessionDownloadDelegateWrapper.swift */; };
		989415B323681B1200E6BF85 /* ImageLoaderObserver.swift in Sources */ = {isa = PBXBuildFile; fileRef = 9894158B23681B1200E6BF85 /* ImageLoaderObserver.swift */; };
		989415B423681B1200E6BF85 /* ImageLoaderContentView.swift in Sources */ = {isa = PBXBuildFile; fileRef = 9894158D23681B1200E6BF85 /* ImageLoaderContentView.swift */; };
		989415B523681B1200E6BF85 /* ImageLoaderView.swift in Sources */ = {isa = PBXBuildFile; fileRef = 9894158E23681B1200E6BF85 /* ImageLoaderView.swift */; };
		989415B623681B1200E6BF85 /* ImageProxy.swift in Sources */ = {isa = PBXBuildFile; fileRef = 9894159023681B1200E6BF85 /* ImageProxy.swift */; };
		989415B723681B1200E6BF85 /* DownloadProgressWrapper.swift in Sources */ = {isa = PBXBuildFile; fileRef = 9894159123681B1200E6BF85 /* DownloadProgressWrapper.swift */; };
		989415B823681B1200E6BF85 /* URLImage.swift in Sources */ = {isa = PBXBuildFile; fileRef = 9894159223681B1200E6BF85 /* URLImage.swift */; };
		989415B923681B1200E6BF85 /* ProgressView.swift in Sources */ = {isa = PBXBuildFile; fileRef = 9894159423681B1200E6BF85 /* ProgressView.swift */; };
		989415BA23681B1200E6BF85 /* CircleProgressShape.swift in Sources */ = {isa = PBXBuildFile; fileRef = 9894159623681B1200E6BF85 /* CircleProgressShape.swift */; };
		989415BB23681B1200E6BF85 /* CircleActivityView.swift in Sources */ = {isa = PBXBuildFile; fileRef = 9894159723681B1200E6BF85 /* CircleActivityView.swift */; };
		989415BC23681B1200E6BF85 /* CircleProgressView.swift in Sources */ = {isa = PBXBuildFile; fileRef = 9894159823681B1200E6BF85 /* CircleProgressView.swift */; };
		98A2EE992356E65F00C7F06C /* LoginViewModel.swift in Sources */ = {isa = PBXBuildFile; fileRef = 98A2EE982356E65F00C7F06C /* LoginViewModel.swift */; };
/* End PBXBuildFile section */

/* Begin PBXContainerItemProxy section */
		9887FC6623535DB8005D7AD1 /* PBXContainerItemProxy */ = {
			isa = PBXContainerItemProxy;
			containerPortal = 9887FC4423535DB5005D7AD1 /* Project object */;
			proxyType = 1;
			remoteGlobalIDString = 9887FC4B23535DB5005D7AD1;
			remoteInfo = PoeTool;
		};
		9887FC7123535DB8005D7AD1 /* PBXContainerItemProxy */ = {
			isa = PBXContainerItemProxy;
			containerPortal = 9887FC4423535DB5005D7AD1 /* Project object */;
			proxyType = 1;
			remoteGlobalIDString = 9887FC4B23535DB5005D7AD1;
			remoteInfo = PoeTool;
		};
/* End PBXContainerItemProxy section */

/* Begin PBXFileReference section */
		321C91AE4A6594CD1645A20C /* CharacterDetailViewModel.swift */ = {isa = PBXFileReference; fileEncoding = 4; lastKnownFileType = sourcecode.swift; path = CharacterDetailViewModel.swift; sourceTree = "<group>"; };
		321C91CDC271D0B865FDC206 /* EquipmentView.swift */ = {isa = PBXFileReference; fileEncoding = 4; lastKnownFileType = sourcecode.swift; path = EquipmentView.swift; sourceTree = "<group>"; };
		321C977A3326BC83FA4FFD1B /* CharactersSelectView.swift */ = {isa = PBXFileReference; fileEncoding = 4; lastKnownFileType = sourcecode.swift; path = CharactersSelectView.swift; sourceTree = "<group>"; };
		321C97C6F64B370AD3ACC748 /* JsonCodableStruct.swift */ = {isa = PBXFileReference; fileEncoding = 4; lastKnownFileType = sourcecode.swift; path = JsonCodableStruct.swift; sourceTree = "<group>"; };
		321C9A57AE38CC2A0900A07B /* CharacterDetailView.swift */ = {isa = PBXFileReference; fileEncoding = 4; lastKnownFileType = sourcecode.swift; path = CharacterDetailView.swift; sourceTree = "<group>"; };
		321C9CBFDDC18D4887686CAE /* ArrayExtension.swift */ = {isa = PBXFileReference; fileEncoding = 4; lastKnownFileType = sourcecode.swift; path = ArrayExtension.swift; sourceTree = "<group>"; };
		321C9F38AEA76D98BB521164 /* CharacterSelectViewModel.swift */ = {isa = PBXFileReference; fileEncoding = 4; lastKnownFileType = sourcecode.swift; path = CharacterSelectViewModel.swift; sourceTree = "<group>"; };
		9809CE3E2366C7CA00950DF3 /* SettingsView.swift */ = {isa = PBXFileReference; lastKnownFileType = sourcecode.swift; path = SettingsView.swift; sourceTree = "<group>"; };
		9809CE402366C7DA00950DF3 /* SettingsViewModel.swift */ = {isa = PBXFileReference; lastKnownFileType = sourcecode.swift; path = SettingsViewModel.swift; sourceTree = "<group>"; };
		9885E467235D96BD00241F9C /* APIHandler.swift */ = {isa = PBXFileReference; fileEncoding = 4; lastKnownFileType = sourcecode.swift; path = APIHandler.swift; sourceTree = "<group>"; };
		9887FC4C23535DB6005D7AD1 /* PoeTool.app */ = {isa = PBXFileReference; explicitFileType = wrapper.application; includeInIndex = 0; path = PoeTool.app; sourceTree = BUILT_PRODUCTS_DIR; };
		9887FC4F23535DB6005D7AD1 /* AppDelegate.swift */ = {isa = PBXFileReference; lastKnownFileType = sourcecode.swift; path = AppDelegate.swift; sourceTree = "<group>"; };
		9887FC5123535DB6005D7AD1 /* SceneDelegate.swift */ = {isa = PBXFileReference; lastKnownFileType = sourcecode.swift; path = SceneDelegate.swift; sourceTree = "<group>"; };
		9887FC5423535DB6005D7AD1 /* PoeTool.xcdatamodel */ = {isa = PBXFileReference; lastKnownFileType = wrapper.xcdatamodel; path = PoeTool.xcdatamodel; sourceTree = "<group>"; };
		9887FC5623535DB6005D7AD1 /* LogInView.swift */ = {isa = PBXFileReference; lastKnownFileType = sourcecode.swift; path = LogInView.swift; sourceTree = "<group>"; };
		9887FC5823535DB8005D7AD1 /* Assets.xcassets */ = {isa = PBXFileReference; lastKnownFileType = folder.assetcatalog; path = Assets.xcassets; sourceTree = "<group>"; };
		9887FC5B23535DB8005D7AD1 /* Preview Assets.xcassets */ = {isa = PBXFileReference; lastKnownFileType = folder.assetcatalog; path = "Preview Assets.xcassets"; sourceTree = "<group>"; };
		9887FC5E23535DB8005D7AD1 /* Base */ = {isa = PBXFileReference; lastKnownFileType = file.storyboard; name = Base; path = Base.lproj/LaunchScreen.storyboard; sourceTree = "<group>"; };
		9887FC6023535DB8005D7AD1 /* Info.plist */ = {isa = PBXFileReference; lastKnownFileType = text.plist.xml; path = Info.plist; sourceTree = "<group>"; };
		9887FC6523535DB8005D7AD1 /* PoeToolTests.xctest */ = {isa = PBXFileReference; explicitFileType = wrapper.cfbundle; includeInIndex = 0; path = PoeToolTests.xctest; sourceTree = BUILT_PRODUCTS_DIR; };
		9887FC6923535DB8005D7AD1 /* PoeToolTests.swift */ = {isa = PBXFileReference; lastKnownFileType = sourcecode.swift; path = PoeToolTests.swift; sourceTree = "<group>"; };
		9887FC6B23535DB8005D7AD1 /* Info.plist */ = {isa = PBXFileReference; lastKnownFileType = text.plist.xml; path = Info.plist; sourceTree = "<group>"; };
		9887FC7023535DB8005D7AD1 /* PoeToolUITests.xctest */ = {isa = PBXFileReference; explicitFileType = wrapper.cfbundle; includeInIndex = 0; path = PoeToolUITests.xctest; sourceTree = BUILT_PRODUCTS_DIR; };
		9887FC7423535DB8005D7AD1 /* PoeToolUITests.swift */ = {isa = PBXFileReference; lastKnownFileType = sourcecode.swift; path = PoeToolUITests.swift; sourceTree = "<group>"; };
		9887FC7623535DB8005D7AD1 /* Info.plist */ = {isa = PBXFileReference; lastKnownFileType = text.plist.xml; path = Info.plist; sourceTree = "<group>"; };
		9894156923681B1200E6BF85 /* URLImageService.swift */ = {isa = PBXFileReference; fileEncoding = 4; lastKnownFileType = sourcecode.swift; path = URLImageService.swift; sourceTree = "<group>"; };
		9894156B23681B1200E6BF85 /* FileIndex.swift */ = {isa = PBXFileReference; fileEncoding = 4; lastKnownFileType = sourcecode.swift; path = FileIndex.swift; sourceTree = "<group>"; };
		9894156C23681B1200E6BF85 /* RemoteFileCacheService.swift */ = {isa = PBXFileReference; fileEncoding = 4; lastKnownFileType = sourcecode.swift; path = RemoteFileCacheService.swift; sourceTree = "<group>"; };
		9894156F23681B1200E6BF85 /* CGContext+Extensions.swift */ = {isa = PBXFileReference; fileEncoding = 4; lastKnownFileType = sourcecode.swift; path = "CGContext+Extensions.swift"; sourceTree = "<group>"; };
		9894157023681B1200E6BF85 /* CGImage+Extensions.swift */ = {isa = PBXFileReference; fileEncoding = 4; lastKnownFileType = sourcecode.swift; path = "CGImage+Extensions.swift"; sourceTree = "<group>"; };
		9894157123681B1200E6BF85 /* CacheHelper.swift */ = {isa = PBXFileReference; fileEncoding = 4; lastKnownFileType = sourcecode.swift; path = CacheHelper.swift; sourceTree = "<group>"; };
		9894157223681B1200E6BF85 /* Version.swift */ = {isa = PBXFileReference; fileEncoding = 4; lastKnownFileType = sourcecode.swift; path = Version.swift; sourceTree = "<group>"; };
		9894157423681B1200E6BF85 /* CoreDataModelDescription.swift */ = {isa = PBXFileReference; fileEncoding = 4; lastKnownFileType = sourcecode.swift; path = CoreDataModelDescription.swift; sourceTree = "<group>"; };
		9894157523681B1200E6BF85 /* CoreDataEntityDescription.swift */ = {isa = PBXFileReference; fileEncoding = 4; lastKnownFileType = sourcecode.swift; path = CoreDataEntityDescription.swift; sourceTree = "<group>"; };
		9894157623681B1200E6BF85 /* CoreDataFetchIndexDescription.swift */ = {isa = PBXFileReference; fileEncoding = 4; lastKnownFileType = sourcecode.swift; path = CoreDataFetchIndexDescription.swift; sourceTree = "<group>"; };
		9894157723681B1200E6BF85 /* CoreDataAttributeDescription.swift */ = {isa = PBXFileReference; fileEncoding = 4; lastKnownFileType = sourcecode.swift; path = CoreDataAttributeDescription.swift; sourceTree = "<group>"; };
		9894157823681B1200E6BF85 /* DefaultPlaceholder.swift */ = {isa = PBXFileReference; fileEncoding = 4; lastKnownFileType = sourcecode.swift; path = DefaultPlaceholder.swift; sourceTree = "<group>"; };
		9894157923681B1200E6BF85 /* FileManager+Extensions.swift */ = {isa = PBXFileReference; fileEncoding = 4; lastKnownFileType = sourcecode.swift; path = "FileManager+Extensions.swift"; sourceTree = "<group>"; };
		9894157B23681B1200E6BF85 /* ImageIOUtils.swift */ = {isa = PBXFileReference; fileEncoding = 4; lastKnownFileType = sourcecode.swift; path = ImageIOUtils.swift; sourceTree = "<group>"; };
		9894157D23681B1200E6BF85 /* ImageProcessing.swift */ = {isa = PBXFileReference; fileEncoding = 4; lastKnownFileType = sourcecode.swift; path = ImageProcessing.swift; sourceTree = "<group>"; };
		9894157F23681B1200E6BF85 /* CoreImageFilterProcessor.swift */ = {isa = PBXFileReference; fileEncoding = 4; lastKnownFileType = sourcecode.swift; path = CoreImageFilterProcessor.swift; sourceTree = "<group>"; };
		9894158023681B1200E6BF85 /* ImageProcessorClosure.swift */ = {isa = PBXFileReference; fileEncoding = 4; lastKnownFileType = sourcecode.swift; path = ImageProcessorClosure.swift; sourceTree = "<group>"; };
		9894158123681B1200E6BF85 /* Resize.swift */ = {isa = PBXFileReference; fileEncoding = 4; lastKnownFileType = sourcecode.swift; path = Resize.swift; sourceTree = "<group>"; };
		9894158223681B1200E6BF85 /* ImageProcessorGroup.swift */ = {isa = PBXFileReference; fileEncoding = 4; lastKnownFileType = sourcecode.swift; path = ImageProcessorGroup.swift; sourceTree = "<group>"; };
		9894158323681B1200E6BF85 /* ImageProcessingService.swift */ = {isa = PBXFileReference; fileEncoding = 4; lastKnownFileType = sourcecode.swift; path = ImageProcessingService.swift; sourceTree = "<group>"; };
		9894158523681B1200E6BF85 /* ImageLoadHandler.swift */ = {isa = PBXFileReference; fileEncoding = 4; lastKnownFileType = sourcecode.swift; path = ImageLoadHandler.swift; sourceTree = "<group>"; };
		9894158623681B1200E6BF85 /* ImageLoaderService.swift */ = {isa = PBXFileReference; fileEncoding = 4; lastKnownFileType = sourcecode.swift; path = ImageLoaderService.swift; sourceTree = "<group>"; };
		9894158723681B1200E6BF85 /* Downloader.swift */ = {isa = PBXFileReference; fileEncoding = 4; lastKnownFileType = sourcecode.swift; path = Downloader.swift; sourceTree = "<group>"; };
		9894158823681B1200E6BF85 /* LoadingState.swift */ = {isa = PBXFileReference; fileEncoding = 4; lastKnownFileType = sourcecode.swift; path = LoadingState.swift; sourceTree = "<group>"; };
		9894158923681B1200E6BF85 /* ImageLoaderCallbacks.swift */ = {isa = PBXFileReference; fileEncoding = 4; lastKnownFileType = sourcecode.swift; path = ImageLoaderCallbacks.swift; sourceTree = "<group>"; };
		9894158A23681B1200E6BF85 /* URLSessionDownloadDelegateWrapper.swift */ = {isa = PBXFileReference; fileEncoding = 4; lastKnownFileType = sourcecode.swift; path = URLSessionDownloadDelegateWrapper.swift; sourceTree = "<group>"; };
		9894158B23681B1200E6BF85 /* ImageLoaderObserver.swift */ = {isa = PBXFileReference; fileEncoding = 4; lastKnownFileType = sourcecode.swift; path = ImageLoaderObserver.swift; sourceTree = "<group>"; };
		9894158D23681B1200E6BF85 /* ImageLoaderContentView.swift */ = {isa = PBXFileReference; fileEncoding = 4; lastKnownFileType = sourcecode.swift; path = ImageLoaderContentView.swift; sourceTree = "<group>"; };
		9894158E23681B1200E6BF85 /* ImageLoaderView.swift */ = {isa = PBXFileReference; fileEncoding = 4; lastKnownFileType = sourcecode.swift; path = ImageLoaderView.swift; sourceTree = "<group>"; };
		9894159023681B1200E6BF85 /* ImageProxy.swift */ = {isa = PBXFileReference; fileEncoding = 4; lastKnownFileType = sourcecode.swift; path = ImageProxy.swift; sourceTree = "<group>"; };
		9894159123681B1200E6BF85 /* DownloadProgressWrapper.swift */ = {isa = PBXFileReference; fileEncoding = 4; lastKnownFileType = sourcecode.swift; path = DownloadProgressWrapper.swift; sourceTree = "<group>"; };
		9894159223681B1200E6BF85 /* URLImage.swift */ = {isa = PBXFileReference; fileEncoding = 4; lastKnownFileType = sourcecode.swift; path = URLImage.swift; sourceTree = "<group>"; };
		9894159423681B1200E6BF85 /* ProgressView.swift */ = {isa = PBXFileReference; fileEncoding = 4; lastKnownFileType = sourcecode.swift; path = ProgressView.swift; sourceTree = "<group>"; };
		9894159623681B1200E6BF85 /* CircleProgressShape.swift */ = {isa = PBXFileReference; fileEncoding = 4; lastKnownFileType = sourcecode.swift; path = CircleProgressShape.swift; sourceTree = "<group>"; };
		9894159723681B1200E6BF85 /* CircleActivityView.swift */ = {isa = PBXFileReference; fileEncoding = 4; lastKnownFileType = sourcecode.swift; path = CircleActivityView.swift; sourceTree = "<group>"; };
		9894159823681B1200E6BF85 /* CircleProgressView.swift */ = {isa = PBXFileReference; fileEncoding = 4; lastKnownFileType = sourcecode.swift; path = CircleProgressView.swift; sourceTree = "<group>"; };
		98A2EE982356E65F00C7F06C /* LoginViewModel.swift */ = {isa = PBXFileReference; lastKnownFileType = sourcecode.swift; path = LoginViewModel.swift; sourceTree = "<group>"; };
/* End PBXFileReference section */

/* Begin PBXFrameworksBuildPhase section */
		9887FC4923535DB5005D7AD1 /* Frameworks */ = {
			isa = PBXFrameworksBuildPhase;
			buildActionMask = 2147483647;
			files = (
			);
			runOnlyForDeploymentPostprocessing = 0;
		};
		9887FC6223535DB8005D7AD1 /* Frameworks */ = {
			isa = PBXFrameworksBuildPhase;
			buildActionMask = 2147483647;
			files = (
			);
			runOnlyForDeploymentPostprocessing = 0;
		};
		9887FC6D23535DB8005D7AD1 /* Frameworks */ = {
			isa = PBXFrameworksBuildPhase;
			buildActionMask = 2147483647;
			files = (
			);
			runOnlyForDeploymentPostprocessing = 0;
		};
/* End PBXFrameworksBuildPhase section */

/* Begin PBXGroup section */
		321C902EB06DE5FC9E4C9856 /* CharacterDetail */ = {
			isa = PBXGroup;
			children = (
				321C91AE4A6594CD1645A20C /* CharacterDetailViewModel.swift */,
				321C9A57AE38CC2A0900A07B /* CharacterDetailView.swift */,
				321C91CDC271D0B865FDC206 /* EquipmentView.swift */,
			);
			name = CharacterDetail;
			sourceTree = "<group>";
		};
		9809CE3D2366C7AE00950DF3 /* Settings  */ = {
			isa = PBXGroup;
			children = (
				9809CE3E2366C7CA00950DF3 /* SettingsView.swift */,
				9809CE402366C7DA00950DF3 /* SettingsViewModel.swift */,
			);
			name = "Settings ";
			sourceTree = "<group>";
		};
		9841F52223602A0A0003BD01 /* Character Select */ = {
			isa = PBXGroup;
			children = (
				321C9F38AEA76D98BB521164 /* CharacterSelectViewModel.swift */,
				321C977A3326BC83FA4FFD1B /* CharactersSelectView.swift */,
			);
			name = "Character Select";
			sourceTree = "<group>";
		};
		9841F52323602A4C0003BD01 /* Login */ = {
			isa = PBXGroup;
			children = (
				9887FC5623535DB6005D7AD1 /* LogInView.swift */,
				98A2EE982356E65F00C7F06C /* LoginViewModel.swift */,
			);
			name = Login;
			sourceTree = "<group>";
		};
		9887FC4323535DB5005D7AD1 = {
			isa = PBXGroup;
			children = (
				9887FC4E23535DB6005D7AD1 /* PoeTool */,
				9887FC6823535DB8005D7AD1 /* PoeToolTests */,
				9887FC7323535DB8005D7AD1 /* PoeToolUITests */,
				9887FC4D23535DB6005D7AD1 /* Products */,
			);
			sourceTree = "<group>";
		};
		9887FC4D23535DB6005D7AD1 /* Products */ = {
			isa = PBXGroup;
			children = (
				9887FC4C23535DB6005D7AD1 /* PoeTool.app */,
				9887FC6523535DB8005D7AD1 /* PoeToolTests.xctest */,
				9887FC7023535DB8005D7AD1 /* PoeToolUITests.xctest */,
			);
			name = Products;
			sourceTree = "<group>";
		};
		9887FC4E23535DB6005D7AD1 /* PoeTool */ = {
			isa = PBXGroup;
			children = (
				9894156823681B1200E6BF85 /* URLImage */,
				9809CE3D2366C7AE00950DF3 /* Settings  */,
				9841F52323602A4C0003BD01 /* Login */,
				9841F52223602A0A0003BD01 /* Character Select */,
				321C902EB06DE5FC9E4C9856 /* CharacterDetail */,
				9887FC5823535DB8005D7AD1 /* Assets.xcassets */,
				321C9CBFDDC18D4887686CAE /* ArrayExtension.swift */,
				9887FC4F23535DB6005D7AD1 /* AppDelegate.swift */,
				9885E467235D96BD00241F9C /* APIHandler.swift */,
				9887FC5D23535DB8005D7AD1 /* LaunchScreen.storyboard */,
				9887FC6023535DB8005D7AD1 /* Info.plist */,
				9887FC5323535DB6005D7AD1 /* PoeTool.xcdatamodeld */,
				9887FC5A23535DB8005D7AD1 /* Preview Content */,
				9887FC5123535DB6005D7AD1 /* SceneDelegate.swift */,
				321C97C6F64B370AD3ACC748 /* JsonCodableStruct.swift */,
			);
			path = PoeTool;
			sourceTree = "<group>";
		};
		9887FC5A23535DB8005D7AD1 /* Preview Content */ = {
			isa = PBXGroup;
			children = (
				9887FC5B23535DB8005D7AD1 /* Preview Assets.xcassets */,
			);
			path = "Preview Content";
			sourceTree = "<group>";
		};
		9887FC6823535DB8005D7AD1 /* PoeToolTests */ = {
			isa = PBXGroup;
			children = (
				9887FC6923535DB8005D7AD1 /* PoeToolTests.swift */,
				9887FC6B23535DB8005D7AD1 /* Info.plist */,
			);
			path = PoeToolTests;
			sourceTree = "<group>";
		};
		9887FC7323535DB8005D7AD1 /* PoeToolUITests */ = {
			isa = PBXGroup;
			children = (
				9887FC7423535DB8005D7AD1 /* PoeToolUITests.swift */,
				9887FC7623535DB8005D7AD1 /* Info.plist */,
			);
			path = PoeToolUITests;
			sourceTree = "<group>";
		};
		9894156823681B1200E6BF85 /* URLImage */ = {
			isa = PBXGroup;
			children = (
				9894156923681B1200E6BF85 /* URLImageService.swift */,
				9894156A23681B1200E6BF85 /* ImageCache */,
				9894156D23681B1200E6BF85 /* Utils */,
				9894157C23681B1200E6BF85 /* ImageProcessing */,
				9894158423681B1200E6BF85 /* ImageLoader */,
				9894158F23681B1200E6BF85 /* Model */,
				9894159223681B1200E6BF85 /* URLImage.swift */,
				9894159323681B1200E6BF85 /* ProgressView */,
			);
			path = URLImage;
			sourceTree = "<group>";
		};
		9894156A23681B1200E6BF85 /* ImageCache */ = {
			isa = PBXGroup;
			children = (
				9894156B23681B1200E6BF85 /* FileIndex.swift */,
				9894156C23681B1200E6BF85 /* RemoteFileCacheService.swift */,
			);
			path = ImageCache;
			sourceTree = "<group>";
		};
		9894156D23681B1200E6BF85 /* Utils */ = {
			isa = PBXGroup;
			children = (
				9894156E23681B1200E6BF85 /* CoreGraphics */,
				9894157123681B1200E6BF85 /* CacheHelper.swift */,
				9894157223681B1200E6BF85 /* Version.swift */,
				9894157323681B1200E6BF85 /* CoreData */,
				9894157823681B1200E6BF85 /* DefaultPlaceholder.swift */,
				9894157923681B1200E6BF85 /* FileManager+Extensions.swift */,
				9894157A23681B1200E6BF85 /* ImageIO */,
			);
			path = Utils;
			sourceTree = "<group>";
		};
		9894156E23681B1200E6BF85 /* CoreGraphics */ = {
			isa = PBXGroup;
			children = (
				9894156F23681B1200E6BF85 /* CGContext+Extensions.swift */,
				9894157023681B1200E6BF85 /* CGImage+Extensions.swift */,
			);
			path = CoreGraphics;
			sourceTree = "<group>";
		};
		9894157323681B1200E6BF85 /* CoreData */ = {
			isa = PBXGroup;
			children = (
				9894157423681B1200E6BF85 /* CoreDataModelDescription.swift */,
				9894157523681B1200E6BF85 /* CoreDataEntityDescription.swift */,
				9894157623681B1200E6BF85 /* CoreDataFetchIndexDescription.swift */,
				9894157723681B1200E6BF85 /* CoreDataAttributeDescription.swift */,
			);
			path = CoreData;
			sourceTree = "<group>";
		};
		9894157A23681B1200E6BF85 /* ImageIO */ = {
			isa = PBXGroup;
			children = (
				9894157B23681B1200E6BF85 /* ImageIOUtils.swift */,
			);
			path = ImageIO;
			sourceTree = "<group>";
		};
		9894157C23681B1200E6BF85 /* ImageProcessing */ = {
			isa = PBXGroup;
			children = (
				9894157D23681B1200E6BF85 /* ImageProcessing.swift */,
				9894157E23681B1200E6BF85 /* Processors */,
				9894158323681B1200E6BF85 /* ImageProcessingService.swift */,
			);
			path = ImageProcessing;
			sourceTree = "<group>";
		};
		9894157E23681B1200E6BF85 /* Processors */ = {
			isa = PBXGroup;
			children = (
				9894157F23681B1200E6BF85 /* CoreImageFilterProcessor.swift */,
				9894158023681B1200E6BF85 /* ImageProcessorClosure.swift */,
				9894158123681B1200E6BF85 /* Resize.swift */,
				9894158223681B1200E6BF85 /* ImageProcessorGroup.swift */,
			);
			path = Processors;
			sourceTree = "<group>";
		};
		9894158423681B1200E6BF85 /* ImageLoader */ = {
			isa = PBXGroup;
			children = (
				9894158523681B1200E6BF85 /* ImageLoadHandler.swift */,
				9894158623681B1200E6BF85 /* ImageLoaderService.swift */,
				9894158723681B1200E6BF85 /* Downloader.swift */,
				9894158823681B1200E6BF85 /* LoadingState.swift */,
				9894158923681B1200E6BF85 /* ImageLoaderCallbacks.swift */,
				9894158A23681B1200E6BF85 /* URLSessionDownloadDelegateWrapper.swift */,
				9894158B23681B1200E6BF85 /* ImageLoaderObserver.swift */,
				9894158C23681B1200E6BF85 /* Views */,
			);
			path = ImageLoader;
			sourceTree = "<group>";
		};
		9894158C23681B1200E6BF85 /* Views */ = {
			isa = PBXGroup;
			children = (
				9894158D23681B1200E6BF85 /* ImageLoaderContentView.swift */,
				9894158E23681B1200E6BF85 /* ImageLoaderView.swift */,
			);
			path = Views;
			sourceTree = "<group>";
		};
		9894158F23681B1200E6BF85 /* Model */ = {
			isa = PBXGroup;
			children = (
				9894159023681B1200E6BF85 /* ImageProxy.swift */,
				9894159123681B1200E6BF85 /* DownloadProgressWrapper.swift */,
			);
			path = Model;
			sourceTree = "<group>";
		};
		9894159323681B1200E6BF85 /* ProgressView */ = {
			isa = PBXGroup;
			children = (
				9894159423681B1200E6BF85 /* ProgressView.swift */,
				9894159523681B1200E6BF85 /* Circle */,
			);
			path = ProgressView;
			sourceTree = "<group>";
		};
		9894159523681B1200E6BF85 /* Circle */ = {
			isa = PBXGroup;
			children = (
				9894159623681B1200E6BF85 /* CircleProgressShape.swift */,
				9894159723681B1200E6BF85 /* CircleActivityView.swift */,
				9894159823681B1200E6BF85 /* CircleProgressView.swift */,
			);
			path = Circle;
			sourceTree = "<group>";
		};
/* End PBXGroup section */

/* Begin PBXNativeTarget section */
		9887FC4B23535DB5005D7AD1 /* PoeTool */ = {
			isa = PBXNativeTarget;
			buildConfigurationList = 9887FC7923535DB8005D7AD1 /* Build configuration list for PBXNativeTarget "PoeTool" */;
			buildPhases = (
				9887FC4823535DB5005D7AD1 /* Sources */,
				9887FC4923535DB5005D7AD1 /* Frameworks */,
				9887FC4A23535DB5005D7AD1 /* Resources */,
			);
			buildRules = (
			);
			dependencies = (
			);
			name = PoeTool;
			productName = PoeTool;
			productReference = 9887FC4C23535DB6005D7AD1 /* PoeTool.app */;
			productType = "com.apple.product-type.application";
		};
		9887FC6423535DB8005D7AD1 /* PoeToolTests */ = {
			isa = PBXNativeTarget;
			buildConfigurationList = 9887FC7C23535DB8005D7AD1 /* Build configuration list for PBXNativeTarget "PoeToolTests" */;
			buildPhases = (
				9887FC6123535DB8005D7AD1 /* Sources */,
				9887FC6223535DB8005D7AD1 /* Frameworks */,
				9887FC6323535DB8005D7AD1 /* Resources */,
			);
			buildRules = (
			);
			dependencies = (
				9887FC6723535DB8005D7AD1 /* PBXTargetDependency */,
			);
			name = PoeToolTests;
			productName = PoeToolTests;
			productReference = 9887FC6523535DB8005D7AD1 /* PoeToolTests.xctest */;
			productType = "com.apple.product-type.bundle.unit-test";
		};
		9887FC6F23535DB8005D7AD1 /* PoeToolUITests */ = {
			isa = PBXNativeTarget;
			buildConfigurationList = 9887FC7F23535DB8005D7AD1 /* Build configuration list for PBXNativeTarget "PoeToolUITests" */;
			buildPhases = (
				9887FC6C23535DB8005D7AD1 /* Sources */,
				9887FC6D23535DB8005D7AD1 /* Frameworks */,
				9887FC6E23535DB8005D7AD1 /* Resources */,
			);
			buildRules = (
			);
			dependencies = (
				9887FC7223535DB8005D7AD1 /* PBXTargetDependency */,
			);
			name = PoeToolUITests;
			productName = PoeToolUITests;
			productReference = 9887FC7023535DB8005D7AD1 /* PoeToolUITests.xctest */;
			productType = "com.apple.product-type.bundle.ui-testing";
		};
/* End PBXNativeTarget section */

/* Begin PBXProject section */
		9887FC4423535DB5005D7AD1 /* Project object */ = {
			isa = PBXProject;
			attributes = {
				LastSwiftUpdateCheck = 1120;
				LastUpgradeCheck = 1120;
				ORGANIZATIONNAME = KaFn;
				TargetAttributes = {
					9887FC4B23535DB5005D7AD1 = {
						CreatedOnToolsVersion = 11.2;
					};
					9887FC6423535DB8005D7AD1 = {
						CreatedOnToolsVersion = 11.2;
						TestTargetID = 9887FC4B23535DB5005D7AD1;
					};
					9887FC6F23535DB8005D7AD1 = {
						CreatedOnToolsVersion = 11.2;
						TestTargetID = 9887FC4B23535DB5005D7AD1;
					};
				};
			};
			buildConfigurationList = 9887FC4723535DB5005D7AD1 /* Build configuration list for PBXProject "PoeTool" */;
			compatibilityVersion = "Xcode 9.3";
			developmentRegion = en;
			hasScannedForEncodings = 0;
			knownRegions = (
				en,
				Base,
			);
			mainGroup = 9887FC4323535DB5005D7AD1;
			productRefGroup = 9887FC4D23535DB6005D7AD1 /* Products */;
			projectDirPath = "";
			projectRoot = "";
			targets = (
				9887FC4B23535DB5005D7AD1 /* PoeTool */,
				9887FC6423535DB8005D7AD1 /* PoeToolTests */,
				9887FC6F23535DB8005D7AD1 /* PoeToolUITests */,
			);
		};
/* End PBXProject section */

/* Begin PBXResourcesBuildPhase section */
		9887FC4A23535DB5005D7AD1 /* Resources */ = {
			isa = PBXResourcesBuildPhase;
			buildActionMask = 2147483647;
			files = (
				9887FC5F23535DB8005D7AD1 /* LaunchScreen.storyboard in Resources */,
				9887FC5C23535DB8005D7AD1 /* Preview Assets.xcassets in Resources */,
				9887FC5923535DB8005D7AD1 /* Assets.xcassets in Resources */,
			);
			runOnlyForDeploymentPostprocessing = 0;
		};
		9887FC6323535DB8005D7AD1 /* Resources */ = {
			isa = PBXResourcesBuildPhase;
			buildActionMask = 2147483647;
			files = (
			);
			runOnlyForDeploymentPostprocessing = 0;
		};
		9887FC6E23535DB8005D7AD1 /* Resources */ = {
			isa = PBXResourcesBuildPhase;
			buildActionMask = 2147483647;
			files = (
			);
			runOnlyForDeploymentPostprocessing = 0;
		};
/* End PBXResourcesBuildPhase section */

/* Begin PBXSourcesBuildPhase section */
		9887FC4823535DB5005D7AD1 /* Sources */ = {
			isa = PBXSourcesBuildPhase;
			buildActionMask = 2147483647;
			files = (
				9887FC5523535DB6005D7AD1 /* PoeTool.xcdatamodeld in Sources */,
				989415A523681B1200E6BF85 /* FileManager+Extensions.swift in Sources */,
				9894159C23681B1200E6BF85 /* CGContext+Extensions.swift in Sources */,
				989415A623681B1200E6BF85 /* ImageIOUtils.swift in Sources */,
				989415B823681B1200E6BF85 /* URLImage.swift in Sources */,
				989415B623681B1200E6BF85 /* ImageProxy.swift in Sources */,
				9887FC5023535DB6005D7AD1 /* AppDelegate.swift in Sources */,
				989415AE23681B1200E6BF85 /* ImageLoaderService.swift in Sources */,
				989415B323681B1200E6BF85 /* ImageLoaderObserver.swift in Sources */,
				9887FC5723535DB6005D7AD1 /* LogInView.swift in Sources */,
				989415AD23681B1200E6BF85 /* ImageLoadHandler.swift in Sources */,
				9887FC5223535DB6005D7AD1 /* SceneDelegate.swift in Sources */,
				9894159B23681B1200E6BF85 /* RemoteFileCacheService.swift in Sources */,
				989415AF23681B1200E6BF85 /* Downloader.swift in Sources */,
				9885E468235D96BD00241F9C /* APIHandler.swift in Sources */,
				989415A023681B1200E6BF85 /* CoreDataModelDescription.swift in Sources */,
				98A2EE992356E65F00C7F06C /* LoginViewModel.swift in Sources */,
				321C9D12BF79B2E6E37381C6 /* ArrayExtension.swift in Sources */,
				989415AC23681B1200E6BF85 /* ImageProcessingService.swift in Sources */,
				9894159923681B1200E6BF85 /* URLImageService.swift in Sources */,
				9894159F23681B1200E6BF85 /* Version.swift in Sources */,
				989415B723681B1200E6BF85 /* DownloadProgressWrapper.swift in Sources */,
				989415B023681B1200E6BF85 /* LoadingState.swift in Sources */,
				989415BC23681B1200E6BF85 /* CircleProgressView.swift in Sources */,
				989415B223681B1200E6BF85 /* URLSessionDownloadDelegateWrapper.swift in Sources */,
				989415B523681B1200E6BF85 /* ImageLoaderView.swift in Sources */,
				321C98BCAC7EF31F843F0F64 /* JsonCodableStruct.swift in Sources */,
				989415AA23681B1200E6BF85 /* Resize.swift in Sources */,
				9894159A23681B1200E6BF85 /* FileIndex.swift in Sources */,
				9809CE3F2366C7CA00950DF3 /* SettingsView.swift in Sources */,
				989415B923681B1200E6BF85 /* ProgressView.swift in Sources */,
				989415B123681B1200E6BF85 /* ImageLoaderCallbacks.swift in Sources */,
				989415A823681B1200E6BF85 /* CoreImageFilterProcessor.swift in Sources */,
				989415BA23681B1200E6BF85 /* CircleProgressShape.swift in Sources */,
				9809CE412366C7DA00950DF3 /* SettingsViewModel.swift in Sources */,
				989415A323681B1200E6BF85 /* CoreDataAttributeDescription.swift in Sources */,
				321C9169B427519A2A2774A1 /* CharacterSelectViewModel.swift in Sources */,
				989415A723681B1200E6BF85 /* ImageProcessing.swift in Sources */,
				989415A923681B1200E6BF85 /* ImageProcessorClosure.swift in Sources */,
				321C9C37341A737BBC4AD4AF /* CharactersSelectView.swift in Sources */,
				989415BB23681B1200E6BF85 /* CircleActivityView.swift in Sources */,
				9894159E23681B1200E6BF85 /* CacheHelper.swift in Sources */,
				989415B423681B1200E6BF85 /* ImageLoaderContentView.swift in Sources */,
				321C994ED935E9A48982FF68 /* CharacterDetailViewModel.swift in Sources */,
				989415A223681B1200E6BF85 /* CoreDataFetchIndexDescription.swift in Sources */,
				321C94C6DF0D1E411F9AAA50 /* CharacterDetailView.swift in Sources */,
				321C97C3E5D643538706482E /* EquipmentView.swift in Sources */,
				989415A123681B1200E6BF85 /* CoreDataEntityDescription.swift in Sources */,
				989415A423681B1200E6BF85 /* DefaultPlaceholder.swift in Sources */,
				989415AB23681B1200E6BF85 /* ImageProcessorGroup.swift in Sources */,
				9894159D23681B1200E6BF85 /* CGImage+Extensions.swift in Sources */,
			);
			runOnlyForDeploymentPostprocessing = 0;
		};
		9887FC6123535DB8005D7AD1 /* Sources */ = {
			isa = PBXSourcesBuildPhase;
			buildActionMask = 2147483647;
			files = (
				9887FC6A23535DB8005D7AD1 /* PoeToolTests.swift in Sources */,
			);
			runOnlyForDeploymentPostprocessing = 0;
		};
		9887FC6C23535DB8005D7AD1 /* Sources */ = {
			isa = PBXSourcesBuildPhase;
			buildActionMask = 2147483647;
			files = (
				9887FC7523535DB8005D7AD1 /* PoeToolUITests.swift in Sources */,
			);
			runOnlyForDeploymentPostprocessing = 0;
		};
/* End PBXSourcesBuildPhase section */

/* Begin PBXTargetDependency section */
		9887FC6723535DB8005D7AD1 /* PBXTargetDependency */ = {
			isa = PBXTargetDependency;
			target = 9887FC4B23535DB5005D7AD1 /* PoeTool */;
			targetProxy = 9887FC6623535DB8005D7AD1 /* PBXContainerItemProxy */;
		};
		9887FC7223535DB8005D7AD1 /* PBXTargetDependency */ = {
			isa = PBXTargetDependency;
			target = 9887FC4B23535DB5005D7AD1 /* PoeTool */;
			targetProxy = 9887FC7123535DB8005D7AD1 /* PBXContainerItemProxy */;
		};
/* End PBXTargetDependency section */

/* Begin PBXVariantGroup section */
		9887FC5D23535DB8005D7AD1 /* LaunchScreen.storyboard */ = {
			isa = PBXVariantGroup;
			children = (
				9887FC5E23535DB8005D7AD1 /* Base */,
			);
			name = LaunchScreen.storyboard;
			sourceTree = "<group>";
		};
/* End PBXVariantGroup section */

/* Begin XCBuildConfiguration section */
		9887FC7723535DB8005D7AD1 /* Debug */ = {
			isa = XCBuildConfiguration;
			buildSettings = {
				ALWAYS_SEARCH_USER_PATHS = NO;
				CLANG_ANALYZER_NONNULL = YES;
				CLANG_ANALYZER_NUMBER_OBJECT_CONVERSION = YES_AGGRESSIVE;
				CLANG_CXX_LANGUAGE_STANDARD = "gnu++14";
				CLANG_CXX_LIBRARY = "libc++";
				CLANG_ENABLE_MODULES = YES;
				CLANG_ENABLE_OBJC_ARC = YES;
				CLANG_ENABLE_OBJC_WEAK = YES;
				CLANG_WARN_BLOCK_CAPTURE_AUTORELEASING = YES;
				CLANG_WARN_BOOL_CONVERSION = YES;
				CLANG_WARN_COMMA = YES;
				CLANG_WARN_CONSTANT_CONVERSION = YES;
				CLANG_WARN_DEPRECATED_OBJC_IMPLEMENTATIONS = YES;
				CLANG_WARN_DIRECT_OBJC_ISA_USAGE = YES_ERROR;
				CLANG_WARN_DOCUMENTATION_COMMENTS = YES;
				CLANG_WARN_EMPTY_BODY = YES;
				CLANG_WARN_ENUM_CONVERSION = YES;
				CLANG_WARN_INFINITE_RECURSION = YES;
				CLANG_WARN_INT_CONVERSION = YES;
				CLANG_WARN_NON_LITERAL_NULL_CONVERSION = YES;
				CLANG_WARN_OBJC_IMPLICIT_RETAIN_SELF = YES;
				CLANG_WARN_OBJC_LITERAL_CONVERSION = YES;
				CLANG_WARN_OBJC_ROOT_CLASS = YES_ERROR;
				CLANG_WARN_RANGE_LOOP_ANALYSIS = YES;
				CLANG_WARN_STRICT_PROTOTYPES = YES;
				CLANG_WARN_SUSPICIOUS_MOVE = YES;
				CLANG_WARN_UNGUARDED_AVAILABILITY = YES_AGGRESSIVE;
				CLANG_WARN_UNREACHABLE_CODE = YES;
				CLANG_WARN__DUPLICATE_METHOD_MATCH = YES;
				COPY_PHASE_STRIP = NO;
				DEBUG_INFORMATION_FORMAT = dwarf;
				ENABLE_STRICT_OBJC_MSGSEND = YES;
				ENABLE_TESTABILITY = YES;
				GCC_C_LANGUAGE_STANDARD = gnu11;
				GCC_DYNAMIC_NO_PIC = NO;
				GCC_NO_COMMON_BLOCKS = YES;
				GCC_OPTIMIZATION_LEVEL = 0;
				GCC_PREPROCESSOR_DEFINITIONS = (
					"DEBUG=1",
					"$(inherited)",
				);
				GCC_WARN_64_TO_32_BIT_CONVERSION = YES;
				GCC_WARN_ABOUT_RETURN_TYPE = YES_ERROR;
				GCC_WARN_UNDECLARED_SELECTOR = YES;
				GCC_WARN_UNINITIALIZED_AUTOS = YES_AGGRESSIVE;
				GCC_WARN_UNUSED_FUNCTION = YES;
				GCC_WARN_UNUSED_VARIABLE = YES;
				IPHONEOS_DEPLOYMENT_TARGET = 13.2;
				MTL_ENABLE_DEBUG_INFO = INCLUDE_SOURCE;
				MTL_FAST_MATH = YES;
				ONLY_ACTIVE_ARCH = YES;
				SDKROOT = iphoneos;
				SWIFT_ACTIVE_COMPILATION_CONDITIONS = DEBUG;
				SWIFT_OPTIMIZATION_LEVEL = "-Onone";
			};
			name = Debug;
		};
		9887FC7823535DB8005D7AD1 /* Release */ = {
			isa = XCBuildConfiguration;
			buildSettings = {
				ALWAYS_SEARCH_USER_PATHS = NO;
				CLANG_ANALYZER_NONNULL = YES;
				CLANG_ANALYZER_NUMBER_OBJECT_CONVERSION = YES_AGGRESSIVE;
				CLANG_CXX_LANGUAGE_STANDARD = "gnu++14";
				CLANG_CXX_LIBRARY = "libc++";
				CLANG_ENABLE_MODULES = YES;
				CLANG_ENABLE_OBJC_ARC = YES;
				CLANG_ENABLE_OBJC_WEAK = YES;
				CLANG_WARN_BLOCK_CAPTURE_AUTORELEASING = YES;
				CLANG_WARN_BOOL_CONVERSION = YES;
				CLANG_WARN_COMMA = YES;
				CLANG_WARN_CONSTANT_CONVERSION = YES;
				CLANG_WARN_DEPRECATED_OBJC_IMPLEMENTATIONS = YES;
				CLANG_WARN_DIRECT_OBJC_ISA_USAGE = YES_ERROR;
				CLANG_WARN_DOCUMENTATION_COMMENTS = YES;
				CLANG_WARN_EMPTY_BODY = YES;
				CLANG_WARN_ENUM_CONVERSION = YES;
				CLANG_WARN_INFINITE_RECURSION = YES;
				CLANG_WARN_INT_CONVERSION = YES;
				CLANG_WARN_NON_LITERAL_NULL_CONVERSION = YES;
				CLANG_WARN_OBJC_IMPLICIT_RETAIN_SELF = YES;
				CLANG_WARN_OBJC_LITERAL_CONVERSION = YES;
				CLANG_WARN_OBJC_ROOT_CLASS = YES_ERROR;
				CLANG_WARN_RANGE_LOOP_ANALYSIS = YES;
				CLANG_WARN_STRICT_PROTOTYPES = YES;
				CLANG_WARN_SUSPICIOUS_MOVE = YES;
				CLANG_WARN_UNGUARDED_AVAILABILITY = YES_AGGRESSIVE;
				CLANG_WARN_UNREACHABLE_CODE = YES;
				CLANG_WARN__DUPLICATE_METHOD_MATCH = YES;
				COPY_PHASE_STRIP = NO;
				DEBUG_INFORMATION_FORMAT = "dwarf-with-dsym";
				ENABLE_NS_ASSERTIONS = NO;
				ENABLE_STRICT_OBJC_MSGSEND = YES;
				GCC_C_LANGUAGE_STANDARD = gnu11;
				GCC_NO_COMMON_BLOCKS = YES;
				GCC_WARN_64_TO_32_BIT_CONVERSION = YES;
				GCC_WARN_ABOUT_RETURN_TYPE = YES_ERROR;
				GCC_WARN_UNDECLARED_SELECTOR = YES;
				GCC_WARN_UNINITIALIZED_AUTOS = YES_AGGRESSIVE;
				GCC_WARN_UNUSED_FUNCTION = YES;
				GCC_WARN_UNUSED_VARIABLE = YES;
				IPHONEOS_DEPLOYMENT_TARGET = 13.2;
				MTL_ENABLE_DEBUG_INFO = NO;
				MTL_FAST_MATH = YES;
				SDKROOT = iphoneos;
				SWIFT_COMPILATION_MODE = wholemodule;
				SWIFT_OPTIMIZATION_LEVEL = "-O";
				VALIDATE_PRODUCT = YES;
			};
			name = Release;
		};
		9887FC7A23535DB8005D7AD1 /* Debug */ = {
			isa = XCBuildConfiguration;
			buildSettings = {
				ASSETCATALOG_COMPILER_APPICON_NAME = AppIcon;
				CODE_SIGN_STYLE = Automatic;
				DEVELOPMENT_ASSET_PATHS = "\"PoeTool/Preview Content\"";
				DEVELOPMENT_TEAM = 7B6Z47KQMU;
				ENABLE_PREVIEWS = YES;
				INFOPLIST_FILE = PoeTool/Info.plist;
				LD_RUNPATH_SEARCH_PATHS = (
					"$(inherited)",
					"@executable_path/Frameworks",
				);
				PRODUCT_BUNDLE_IDENTIFIER = KaFn.PoeTool;
				PRODUCT_NAME = "$(TARGET_NAME)";
				SWIFT_VERSION = 5.0;
				TARGETED_DEVICE_FAMILY = "1,2";
			};
			name = Debug;
		};
		9887FC7B23535DB8005D7AD1 /* Release */ = {
			isa = XCBuildConfiguration;
			buildSettings = {
				ASSETCATALOG_COMPILER_APPICON_NAME = AppIcon;
				CODE_SIGN_STYLE = Automatic;
				DEVELOPMENT_ASSET_PATHS = "\"PoeTool/Preview Content\"";
				DEVELOPMENT_TEAM = 7B6Z47KQMU;
				ENABLE_PREVIEWS = YES;
				INFOPLIST_FILE = PoeTool/Info.plist;
				LD_RUNPATH_SEARCH_PATHS = (
					"$(inherited)",
					"@executable_path/Frameworks",
				);
				PRODUCT_BUNDLE_IDENTIFIER = KaFn.PoeTool;
				PRODUCT_NAME = "$(TARGET_NAME)";
				SWIFT_VERSION = 5.0;
				TARGETED_DEVICE_FAMILY = "1,2";
			};
			name = Release;
		};
		9887FC7D23535DB8005D7AD1 /* Debug */ = {
			isa = XCBuildConfiguration;
			buildSettings = {
				ALWAYS_EMBED_SWIFT_STANDARD_LIBRARIES = YES;
				BUNDLE_LOADER = "$(TEST_HOST)";
				CODE_SIGN_STYLE = Automatic;
				DEVELOPMENT_TEAM = 7B6Z47KQMU;
				INFOPLIST_FILE = PoeToolTests/Info.plist;
				IPHONEOS_DEPLOYMENT_TARGET = 13.2;
				LD_RUNPATH_SEARCH_PATHS = (
					"$(inherited)",
					"@executable_path/Frameworks",
					"@loader_path/Frameworks",
				);
				PRODUCT_BUNDLE_IDENTIFIER = KaFn.PoeToolTests;
				PRODUCT_NAME = "$(TARGET_NAME)";
				SWIFT_VERSION = 5.0;
				TARGETED_DEVICE_FAMILY = "1,2";
				TEST_HOST = "$(BUILT_PRODUCTS_DIR)/PoeTool.app/PoeTool";
			};
			name = Debug;
		};
		9887FC7E23535DB8005D7AD1 /* Release */ = {
			isa = XCBuildConfiguration;
			buildSettings = {
				ALWAYS_EMBED_SWIFT_STANDARD_LIBRARIES = YES;
				BUNDLE_LOADER = "$(TEST_HOST)";
				CODE_SIGN_STYLE = Automatic;
				DEVELOPMENT_TEAM = 7B6Z47KQMU;
				INFOPLIST_FILE = PoeToolTests/Info.plist;
				IPHONEOS_DEPLOYMENT_TARGET = 13.2;
				LD_RUNPATH_SEARCH_PATHS = (
					"$(inherited)",
					"@executable_path/Frameworks",
					"@loader_path/Frameworks",
				);
				PRODUCT_BUNDLE_IDENTIFIER = KaFn.PoeToolTests;
				PRODUCT_NAME = "$(TARGET_NAME)";
				SWIFT_VERSION = 5.0;
				TARGETED_DEVICE_FAMILY = "1,2";
				TEST_HOST = "$(BUILT_PRODUCTS_DIR)/PoeTool.app/PoeTool";
			};
			name = Release;
		};
		9887FC8023535DB8005D7AD1 /* Debug */ = {
			isa = XCBuildConfiguration;
			buildSettings = {
				ALWAYS_EMBED_SWIFT_STANDARD_LIBRARIES = YES;
				CODE_SIGN_STYLE = Automatic;
				DEVELOPMENT_TEAM = 7B6Z47KQMU;
				INFOPLIST_FILE = PoeToolUITests/Info.plist;
				LD_RUNPATH_SEARCH_PATHS = (
					"$(inherited)",
					"@executable_path/Frameworks",
					"@loader_path/Frameworks",
				);
				PRODUCT_BUNDLE_IDENTIFIER = KaFn.PoeToolUITests;
				PRODUCT_NAME = "$(TARGET_NAME)";
				SWIFT_VERSION = 5.0;
				TARGETED_DEVICE_FAMILY = "1,2";
				TEST_TARGET_NAME = PoeTool;
			};
			name = Debug;
		};
		9887FC8123535DB8005D7AD1 /* Release */ = {
			isa = XCBuildConfiguration;
			buildSettings = {
				ALWAYS_EMBED_SWIFT_STANDARD_LIBRARIES = YES;
				CODE_SIGN_STYLE = Automatic;
				DEVELOPMENT_TEAM = 7B6Z47KQMU;
				INFOPLIST_FILE = PoeToolUITests/Info.plist;
				LD_RUNPATH_SEARCH_PATHS = (
					"$(inherited)",
					"@executable_path/Frameworks",
					"@loader_path/Frameworks",
				);
				PRODUCT_BUNDLE_IDENTIFIER = KaFn.PoeToolUITests;
				PRODUCT_NAME = "$(TARGET_NAME)";
				SWIFT_VERSION = 5.0;
				TARGETED_DEVICE_FAMILY = "1,2";
				TEST_TARGET_NAME = PoeTool;
			};
			name = Release;
		};
/* End XCBuildConfiguration section */

/* Begin XCConfigurationList section */
		9887FC4723535DB5005D7AD1 /* Build configuration list for PBXProject "PoeTool" */ = {
			isa = XCConfigurationList;
			buildConfigurations = (
				9887FC7723535DB8005D7AD1 /* Debug */,
				9887FC7823535DB8005D7AD1 /* Release */,
			);
			defaultConfigurationIsVisible = 0;
			defaultConfigurationName = Release;
		};
		9887FC7923535DB8005D7AD1 /* Build configuration list for PBXNativeTarget "PoeTool" */ = {
			isa = XCConfigurationList;
			buildConfigurations = (
				9887FC7A23535DB8005D7AD1 /* Debug */,
				9887FC7B23535DB8005D7AD1 /* Release */,
			);
			defaultConfigurationIsVisible = 0;
			defaultConfigurationName = Release;
		};
		9887FC7C23535DB8005D7AD1 /* Build configuration list for PBXNativeTarget "PoeToolTests" */ = {
			isa = XCConfigurationList;
			buildConfigurations = (
				9887FC7D23535DB8005D7AD1 /* Debug */,
				9887FC7E23535DB8005D7AD1 /* Release */,
			);
			defaultConfigurationIsVisible = 0;
			defaultConfigurationName = Release;
		};
		9887FC7F23535DB8005D7AD1 /* Build configuration list for PBXNativeTarget "PoeToolUITests" */ = {
			isa = XCConfigurationList;
			buildConfigurations = (
				9887FC8023535DB8005D7AD1 /* Debug */,
				9887FC8123535DB8005D7AD1 /* Release */,
			);
			defaultConfigurationIsVisible = 0;
			defaultConfigurationName = Release;
		};
/* End XCConfigurationList section */

/* Begin XCVersionGroup section */
		9887FC5323535DB6005D7AD1 /* PoeTool.xcdatamodeld */ = {
			isa = XCVersionGroup;
			children = (
				9887FC5423535DB6005D7AD1 /* PoeTool.xcdatamodel */,
			);
			currentVersion = 9887FC5423535DB6005D7AD1 /* PoeTool.xcdatamodel */;
			path = PoeTool.xcdatamodeld;
			sourceTree = "<group>";
			versionGroupType = wrapper.xcdatamodel;
		};
/* End XCVersionGroup section */
	};
	rootObject = 9887FC4423535DB5005D7AD1 /* Project object */;
}
